
Microsoft Visual Studio Solution File, Format Version 12.00
# Visual Studio Version 17
VisualStudioVersion = 17.9.34728.123
MinimumVisualStudioVersion = 10.0.40219.1
Project("{FAE04EC0-301F-11D3-BF4B-00C04F79EFBC}") = "pedido pizzaria", "pedido pizzaria.csproj", "{9EE660D7-4455-40CA-9ED6-1220F5BD5AA4}"
EndProject
Global
	GlobalSection(SolutionConfigurationPlatforms) = preSolution
		Debug|Any CPU = Debug|Any CPU
		Release|Any CPU = Release|Any CPU
	EndGlobalSection
	GlobalSection(ProjectConfigurationPlatforms) = postSolution
		{9EE660D7-4455-40CA-9ED6-1220F5BD5AA4}.Debug|Any CPU.ActiveCfg = Debug|Any CPU
		{9EE660D7-4455-40CA-9ED6-1220F5BD5AA4}.Debug|Any CPU.Build.0 = Debug|Any CPU
		{9EE660D7-4455-40CA-9ED6-1220F5BD5AA4}.Release|Any CPU.ActiveCfg = Release|Any CPU
		{9EE660D7-4455-40CA-9ED6-1220F5BD5AA4}.Release|Any CPU.Build.0 = Release|Any CPU
	EndGlobalSection
	GlobalSection(SolutionProperties) = preSolution
		HideSolutionNode = FALSE
	EndGlobalSection
	GlobalSection(ExtensibilityGlobals) = postSolution
		SolutionGuid = {F32D4493-5151-4D73-9525-CFC1CAE2513B}
	EndGlobalSection
EndGlobal
