
Microsoft Visual Studio Solution File, Format Version 12.00
# Visual Studio Version 17
VisualStudioVersion = 17.9.34728.123
MinimumVisualStudioVersion = 10.0.40219.1
Project("{FAE04EC0-301F-11D3-BF4B-00C04F79EFBC}") = "projeto verifica maior numero", "projeto verifica maior numero.csproj", "{6404EA24-F832-4108-81C7-D54A2BD607BA}"
EndProject
Global
	GlobalSection(SolutionConfigurationPlatforms) = preSolution
		Debug|Any CPU = Debug|Any CPU
		Release|Any CPU = Release|Any CPU
	EndGlobalSection
	GlobalSection(ProjectConfigurationPlatforms) = postSolution
		{6404EA24-F832-4108-81C7-D54A2BD607BA}.Debug|Any CPU.ActiveCfg = Debug|Any CPU
		{6404EA24-F832-4108-81C7-D54A2BD607BA}.Debug|Any CPU.Build.0 = Debug|Any CPU
		{6404EA24-F832-4108-81C7-D54A2BD607BA}.Release|Any CPU.ActiveCfg = Release|Any CPU
		{6404EA24-F832-4108-81C7-D54A2BD607BA}.Release|Any CPU.Build.0 = Release|Any CPU
	EndGlobalSection
	GlobalSection(SolutionProperties) = preSolution
		HideSolutionNode = FALSE
	EndGlobalSection
	GlobalSection(ExtensibilityGlobals) = postSolution
		SolutionGuid = {E96147D0-EBFC-4832-BCFC-2D333EAED9EB}
	EndGlobalSection
EndGlobal
