
Microsoft Visual Studio Solution File, Format Version 12.00
# Visual Studio Version 17
VisualStudioVersion = 17.9.34728.123
MinimumVisualStudioVersion = 10.0.40219.1
Project("{FAE04EC0-301F-11D3-BF4B-00C04F79EFBC}") = "dias da semana", "dias da semana.csproj", "{D279020A-8953-4F44-B727-C231BF7612AE}"
EndProject
Global
	GlobalSection(SolutionConfigurationPlatforms) = preSolution
		Debug|Any CPU = Debug|Any CPU
		Release|Any CPU = Release|Any CPU
	EndGlobalSection
	GlobalSection(ProjectConfigurationPlatforms) = postSolution
		{D279020A-8953-4F44-B727-C231BF7612AE}.Debug|Any CPU.ActiveCfg = Debug|Any CPU
		{D279020A-8953-4F44-B727-C231BF7612AE}.Debug|Any CPU.Build.0 = Debug|Any CPU
		{D279020A-8953-4F44-B727-C231BF7612AE}.Release|Any CPU.ActiveCfg = Release|Any CPU
		{D279020A-8953-4F44-B727-C231BF7612AE}.Release|Any CPU.Build.0 = Release|Any CPU
	EndGlobalSection
	GlobalSection(SolutionProperties) = preSolution
		HideSolutionNode = FALSE
	EndGlobalSection
	GlobalSection(ExtensibilityGlobals) = postSolution
		SolutionGuid = {0F60744F-1ABC-4FB5-BB1A-ADFA05CB90E5}
	EndGlobalSection
EndGlobal
