
Microsoft Visual Studio Solution File, Format Version 12.00
# Visual Studio Version 17
VisualStudioVersion = 17.9.34728.123
MinimumVisualStudioVersion = 10.0.40219.1
Project("{FAE04EC0-301F-11D3-BF4B-00C04F79EFBC}") = "teste de vetores", "teste de vetores.csproj", "{3013C0DA-7743-48EA-A7D7-741D309FAED9}"
EndProject
Global
	GlobalSection(SolutionConfigurationPlatforms) = preSolution
		Debug|Any CPU = Debug|Any CPU
		Release|Any CPU = Release|Any CPU
	EndGlobalSection
	GlobalSection(ProjectConfigurationPlatforms) = postSolution
		{3013C0DA-7743-48EA-A7D7-741D309FAED9}.Debug|Any CPU.ActiveCfg = Debug|Any CPU
		{3013C0DA-7743-48EA-A7D7-741D309FAED9}.Debug|Any CPU.Build.0 = Debug|Any CPU
		{3013C0DA-7743-48EA-A7D7-741D309FAED9}.Release|Any CPU.ActiveCfg = Release|Any CPU
		{3013C0DA-7743-48EA-A7D7-741D309FAED9}.Release|Any CPU.Build.0 = Release|Any CPU
	EndGlobalSection
	GlobalSection(SolutionProperties) = preSolution
		HideSolutionNode = FALSE
	EndGlobalSection
	GlobalSection(ExtensibilityGlobals) = postSolution
		SolutionGuid = {F8905DDB-E783-4CC0-B68F-8B1AD1538DB6}
	EndGlobalSection
EndGlobal
