
Microsoft Visual Studio Solution File, Format Version 12.00
# Visual Studio Version 17
VisualStudioVersion = 17.9.34728.123
MinimumVisualStudioVersion = 10.0.40219.1
Project("{FAE04EC0-301F-11D3-BF4B-00C04F79EFBC}") = "mostrar patas 2", "mostrar patas 2.csproj", "{3FF91E22-F0CC-4C01-A0A6-015A9CF0882F}"
EndProject
Global
	GlobalSection(SolutionConfigurationPlatforms) = preSolution
		Debug|Any CPU = Debug|Any CPU
		Release|Any CPU = Release|Any CPU
	EndGlobalSection
	GlobalSection(ProjectConfigurationPlatforms) = postSolution
		{3FF91E22-F0CC-4C01-A0A6-015A9CF0882F}.Debug|Any CPU.ActiveCfg = Debug|Any CPU
		{3FF91E22-F0CC-4C01-A0A6-015A9CF0882F}.Debug|Any CPU.Build.0 = Debug|Any CPU
		{3FF91E22-F0CC-4C01-A0A6-015A9CF0882F}.Release|Any CPU.ActiveCfg = Release|Any CPU
		{3FF91E22-F0CC-4C01-A0A6-015A9CF0882F}.Release|Any CPU.Build.0 = Release|Any CPU
	EndGlobalSection
	GlobalSection(SolutionProperties) = preSolution
		HideSolutionNode = FALSE
	EndGlobalSection
	GlobalSection(ExtensibilityGlobals) = postSolution
		SolutionGuid = {FA9548A2-4F71-4C27-BC77-6A9F1E6E7F26}
	EndGlobalSection
EndGlobal
